
Microsoft Visual Studio Solution File, Format Version 12.00
# Visual Studio Version 17
VisualStudioVersion = 17.1.32407.343
MinimumVisualStudioVersion = 10.0.40219.1
Project("{FAE04EC0-301F-11D3-BF4B-00C04F79EFBC}") = "Khuselo_BatWatch_r2", "Khuselo_BatWatch_r2\Khuselo_BatWatch_r2.csproj", "{C9E4977F-06AD-4609-AB0C-449003248BA6}"
EndProject
Global
	GlobalSection(SolutionConfigurationPlatforms) = preSolution
		Debug|Any CPU = Debug|Any CPU
		Release|Any CPU = Release|Any CPU
	EndGlobalSection
	GlobalSection(ProjectConfigurationPlatforms) = postSolution
		{C9E4977F-06AD-4609-AB0C-449003248BA6}.Debug|Any CPU.ActiveCfg = Debug|Any CPU
		{C9E4977F-06AD-4609-AB0C-449003248BA6}.Debug|Any CPU.Build.0 = Debug|Any CPU
		{C9E4977F-06AD-4609-AB0C-449003248BA6}.Release|Any CPU.ActiveCfg = Release|Any CPU
		{C9E4977F-06AD-4609-AB0C-449003248BA6}.Release|Any CPU.Build.0 = Release|Any CPU
	EndGlobalSection
	GlobalSection(SolutionProperties) = preSolution
		HideSolutionNode = FALSE
	EndGlobalSection
	GlobalSection(ExtensibilityGlobals) = postSolution
		SolutionGuid = {0DA617D8-6C09-43EF-B4E7-7302A30FA8FA}
	EndGlobalSection
EndGlobal
